
Microsoft Visual Studio Solution File, Format Version 12.00
# Visual Studio 14
VisualStudioVersion = 14.0.25420.1
MinimumVisualStudioVersion = 10.0.40219.1
Project("{FAE04EC0-301F-11D3-BF4B-00C04F79EFBC}") = "Motus", "Motus\Motus.csproj", "{721D00C4-696B-40B5-A457-8B751C0D3405}"
EndProject
Project("{FAE04EC0-301F-11D3-BF4B-00C04F79EFBC}") = "ReductionFichierTexte", "ReductionFichierTexte\ReductionFichierTexte.csproj", "{F27CBB2F-1A46-4679-874A-4D0E01CF8550}"
EndProject
Global
	GlobalSection(SolutionConfigurationPlatforms) = preSolution
		Debug|Any CPU = Debug|Any CPU
		Release|Any CPU = Release|Any CPU
	EndGlobalSection
	GlobalSection(ProjectConfigurationPlatforms) = postSolution
		{721D00C4-696B-40B5-A457-8B751C0D3405}.Debug|Any CPU.ActiveCfg = Debug|Any CPU
		{721D00C4-696B-40B5-A457-8B751C0D3405}.Debug|Any CPU.Build.0 = Debug|Any CPU
		{721D00C4-696B-40B5-A457-8B751C0D3405}.Release|Any CPU.ActiveCfg = Release|Any CPU
		{721D00C4-696B-40B5-A457-8B751C0D3405}.Release|Any CPU.Build.0 = Release|Any CPU
		{F27CBB2F-1A46-4679-874A-4D0E01CF8550}.Debug|Any CPU.ActiveCfg = Debug|Any CPU
		{F27CBB2F-1A46-4679-874A-4D0E01CF8550}.Debug|Any CPU.Build.0 = Debug|Any CPU
		{F27CBB2F-1A46-4679-874A-4D0E01CF8550}.Release|Any CPU.ActiveCfg = Release|Any CPU
		{F27CBB2F-1A46-4679-874A-4D0E01CF8550}.Release|Any CPU.Build.0 = Release|Any CPU
	EndGlobalSection
	GlobalSection(SolutionProperties) = preSolution
		HideSolutionNode = FALSE
	EndGlobalSection
EndGlobal
